
Microsoft Visual Studio Solution File, Format Version 12.00
# Visual Studio 2013
VisualStudioVersion = 12.0.40629.0
MinimumVisualStudioVersion = 10.0.40219.1
Project("{F184B08F-C81C-45F6-A57F-5ABD9991F28F}") = "MCRealm", "MCRealm\MCRealm.vbproj", "{EEB1A1A3-4870-4A0B-A14D-E7670FB107D6}"
EndProject
Global
	GlobalSection(TeamFoundationVersionControl) = preSolution
		SccNumberOfProjects = 2
		SccEnterpriseProvider = {4CA58AB2-18FA-4F8D-95D4-32DDF27D184C}
		SccTeamFoundationServer = https://happypig-375.visualstudio.com/defaultcollection
		SccLocalPath0 = .
		SccProjectUniqueName1 = MCRealm\\MCRealm.vbproj
		SccProjectName1 = MCRealm
		SccLocalPath1 = MCRealm
	EndGlobalSection
	GlobalSection(SolutionConfigurationPlatforms) = preSolution
		Debug|Any CPU = Debug|Any CPU
		Release|Any CPU = Release|Any CPU
	EndGlobalSection
	GlobalSection(ProjectConfigurationPlatforms) = postSolution
		{EEB1A1A3-4870-4A0B-A14D-E7670FB107D6}.Debug|Any CPU.ActiveCfg = Debug|Any CPU
		{EEB1A1A3-4870-4A0B-A14D-E7670FB107D6}.Debug|Any CPU.Build.0 = Debug|Any CPU
		{EEB1A1A3-4870-4A0B-A14D-E7670FB107D6}.Release|Any CPU.ActiveCfg = Release|Any CPU
		{EEB1A1A3-4870-4A0B-A14D-E7670FB107D6}.Release|Any CPU.Build.0 = Release|Any CPU
	EndGlobalSection
	GlobalSection(SolutionProperties) = preSolution
		HideSolutionNode = FALSE
	EndGlobalSection
EndGlobal
